golang.org/x/exp v0.0.0-20220218155646-ea2fe41b636b h1:MfB//GTRo4EQ2B9A3O4DkdfJ6C1f5vhfFW+riRV2K7Y=
golang.org/x/exp v0.0.0-20220218155646-ea2fe41b636b/go.mod h1:lRnflEfy7nRvpQCcpkwaSP1nkrSyjkyFNcqXKfSXLMc=
golang.org/x/sys v0.0.0-20211216021012-1d35b9e2eb4e h1:fLOSk5Q00efkSvAm+4xcoXD+RRmLmmulPn5I3Y9F2EM=
golang.org/x/sys v0.0.0-20211216021012-1d35b9e2eb4e/go.mod h1:oPkhp1MJrh7nUepCBck5+mAzfO9JrbApNNgaTdGDITg=
golang.org/x/term v0.0.0-20210927222741-03fcf44c2211 h1:JGgROgKl9N8DuW20oFS5gxc+lE67/N3FcwmBPMe7ArY=
golang.org/x/term v0.0.0-20210927222741-03fcf44c2211/go.mod h1:jbD1KX2456YbFQfuXm/mYQcufACuNUgVhRMnK/tPxf8=
seehuhn.de/go/dijkstra v0.9.0 h1:AXVG1XfK2XyDzODS7Jbzu80ke3lVeW36HKZ6zrXWpfA=
seehuhn.de/go/dijkstra v0.9.0/go.mod h1:YcrFNNQ1BIVFI0xIYnNa/StiSKQXuQIID8zgZjwAOFE=
